
Microsoft Visual Studio Solution File, Format Version 12.00
# Visual Studio 2013
VisualStudioVersion = 12.0.30501.0
MinimumVisualStudioVersion = 10.0.40219.1
Project("{FAE04EC0-301F-11D3-BF4B-00C04F79EFBC}") = "TimberWinR", "TimberWinR\TimberWinR.csproj", "{4EF96A08-21DB-4178-BE44-70DAE594632C}"
EndProject
Project("{2150E333-8FDC-42A3-9474-1A3956D46DE8}") = ".nuget", ".nuget", "{2C4AC7DB-018D-4CCA-9579-06AC5AD2C9D9}"
	ProjectSection(SolutionItems) = preProject
		.nuget\packages.config = .nuget\packages.config
	EndProjectSection
EndProject
Project("{FAE04EC0-301F-11D3-BF4B-00C04F79EFBC}") = "TimberWinR.ServiceHost", "TimberWinR.ServiceHost\TimberWinR.ServiceHost.csproj", "{2C0B4C56-0D63-4B89-852B-F9BFF4431F00}"
EndProject
Project("{FAE04EC0-301F-11D3-BF4B-00C04F79EFBC}") = "TimberWinR.UnitTests", "TimberWinR.UnitTests\TimberWinR.UnitTests.csproj", "{4410C95C-B22F-4B68-B132-84545AAA7A31}"
EndProject
Project("{2150E333-8FDC-42A3-9474-1A3956D46DE8}") = "Solution Items", "Solution Items", "{1B2F600B-2400-45B9-A28E-CFC391D9EFA9}"
	ProjectSection(SolutionItems) = preProject
		appveyor.yml = appveyor.yml
		chocolatey.png = chocolatey.png
		chocolateyInstall.ps1.template = chocolateyInstall.ps1.template
		chocolateyUninstall.ps1.template = chocolateyUninstall.ps1.template
		LICENSE.txt = LICENSE.txt
		README.md = README.md
		timberwinr.nuspec.template = timberwinr.nuspec.template
	EndProjectSection
EndProject
Project("{930C7802-8A8C-48F9-8165-68863BCCD9DD}") = "TimberWinR.Wix", "TimberWix\TimberWinR.Wix.wixproj", "{82A39B31-61EC-468D-AA71-0D949AC6528F}"
EndProject
Global
	GlobalSection(SolutionConfigurationPlatforms) = preSolution
		Debug|Any CPU = Debug|Any CPU
		Debug|Mixed Platforms = Debug|Mixed Platforms
		Debug|x86 = Debug|x86
		Release|Any CPU = Release|Any CPU
		Release|Mixed Platforms = Release|Mixed Platforms
		Release|x86 = Release|x86
	EndGlobalSection
	GlobalSection(ProjectConfigurationPlatforms) = postSolution
		{4EF96A08-21DB-4178-BE44-70DAE594632C}.Debug|Any CPU.ActiveCfg = Debug|Any CPU
		{4EF96A08-21DB-4178-BE44-70DAE594632C}.Debug|Any CPU.Build.0 = Debug|Any CPU
		{4EF96A08-21DB-4178-BE44-70DAE594632C}.Debug|Mixed Platforms.ActiveCfg = Debug|Any CPU
		{4EF96A08-21DB-4178-BE44-70DAE594632C}.Debug|Mixed Platforms.Build.0 = Debug|Any CPU
		{4EF96A08-21DB-4178-BE44-70DAE594632C}.Debug|x86.ActiveCfg = Debug|Any CPU
		{4EF96A08-21DB-4178-BE44-70DAE594632C}.Release|Any CPU.ActiveCfg = Release|Any CPU
		{4EF96A08-21DB-4178-BE44-70DAE594632C}.Release|Any CPU.Build.0 = Release|Any CPU
		{4EF96A08-21DB-4178-BE44-70DAE594632C}.Release|Mixed Platforms.ActiveCfg = Release|Any CPU
		{4EF96A08-21DB-4178-BE44-70DAE594632C}.Release|Mixed Platforms.Build.0 = Release|Any CPU
		{4EF96A08-21DB-4178-BE44-70DAE594632C}.Release|x86.ActiveCfg = Release|Any CPU
		{2C0B4C56-0D63-4B89-852B-F9BFF4431F00}.Debug|Any CPU.ActiveCfg = Debug|Any CPU
		{2C0B4C56-0D63-4B89-852B-F9BFF4431F00}.Debug|Any CPU.Build.0 = Debug|Any CPU
		{2C0B4C56-0D63-4B89-852B-F9BFF4431F00}.Debug|Mixed Platforms.ActiveCfg = Debug|Any CPU
		{2C0B4C56-0D63-4B89-852B-F9BFF4431F00}.Debug|Mixed Platforms.Build.0 = Debug|Any CPU
		{2C0B4C56-0D63-4B89-852B-F9BFF4431F00}.Debug|x86.ActiveCfg = Debug|Any CPU
		{2C0B4C56-0D63-4B89-852B-F9BFF4431F00}.Release|Any CPU.ActiveCfg = Release|Any CPU
		{2C0B4C56-0D63-4B89-852B-F9BFF4431F00}.Release|Any CPU.Build.0 = Release|Any CPU
		{2C0B4C56-0D63-4B89-852B-F9BFF4431F00}.Release|Mixed Platforms.ActiveCfg = Release|Any CPU
		{2C0B4C56-0D63-4B89-852B-F9BFF4431F00}.Release|Mixed Platforms.Build.0 = Release|Any CPU
		{2C0B4C56-0D63-4B89-852B-F9BFF4431F00}.Release|x86.ActiveCfg = Release|Any CPU
		{4410C95C-B22F-4B68-B132-84545AAA7A31}.Debug|Any CPU.ActiveCfg = Debug|Any CPU
		{4410C95C-B22F-4B68-B132-84545AAA7A31}.Debug|Any CPU.Build.0 = Debug|Any CPU
		{4410C95C-B22F-4B68-B132-84545AAA7A31}.Debug|Mixed Platforms.ActiveCfg = Debug|Any CPU
		{4410C95C-B22F-4B68-B132-84545AAA7A31}.Debug|Mixed Platforms.Build.0 = Debug|Any CPU
		{4410C95C-B22F-4B68-B132-84545AAA7A31}.Debug|x86.ActiveCfg = Debug|Any CPU
		{4410C95C-B22F-4B68-B132-84545AAA7A31}.Release|Any CPU.ActiveCfg = Release|Any CPU
		{4410C95C-B22F-4B68-B132-84545AAA7A31}.Release|Any CPU.Build.0 = Release|Any CPU
		{4410C95C-B22F-4B68-B132-84545AAA7A31}.Release|Mixed Platforms.ActiveCfg = Release|Any CPU
		{4410C95C-B22F-4B68-B132-84545AAA7A31}.Release|Mixed Platforms.Build.0 = Release|Any CPU
		{4410C95C-B22F-4B68-B132-84545AAA7A31}.Release|x86.ActiveCfg = Release|Any CPU
		{82A39B31-61EC-468D-AA71-0D949AC6528F}.Debug|Any CPU.ActiveCfg = Debug|x86
		{82A39B31-61EC-468D-AA71-0D949AC6528F}.Debug|Any CPU.Build.0 = Debug|x86
		{82A39B31-61EC-468D-AA71-0D949AC6528F}.Debug|Mixed Platforms.ActiveCfg = Debug|x86
		{82A39B31-61EC-468D-AA71-0D949AC6528F}.Debug|Mixed Platforms.Build.0 = Debug|x86
		{82A39B31-61EC-468D-AA71-0D949AC6528F}.Debug|x86.ActiveCfg = Debug|x86
		{82A39B31-61EC-468D-AA71-0D949AC6528F}.Debug|x86.Build.0 = Debug|x86
		{82A39B31-61EC-468D-AA71-0D949AC6528F}.Release|Any CPU.ActiveCfg = Release|x86
		{82A39B31-61EC-468D-AA71-0D949AC6528F}.Release|Any CPU.Build.0 = Release|x86
		{82A39B31-61EC-468D-AA71-0D949AC6528F}.Release|Mixed Platforms.ActiveCfg = Release|x86
		{82A39B31-61EC-468D-AA71-0D949AC6528F}.Release|Mixed Platforms.Build.0 = Release|x86
		{82A39B31-61EC-468D-AA71-0D949AC6528F}.Release|x86.ActiveCfg = Release|x86
		{82A39B31-61EC-468D-AA71-0D949AC6528F}.Release|x86.Build.0 = Release|x86
	EndGlobalSection
	GlobalSection(SolutionProperties) = preSolution
		HideSolutionNode = FALSE
	EndGlobalSection
EndGlobal
